
Microsoft Visual Studio Solution File, Format Version 12.00
# Visual Studio 15
VisualStudioVersion = 15.0.27428.1
MinimumVisualStudioVersion = 10.0.40219.1
Project("{FAE04EC0-301F-11D3-BF4B-00C04F79EFBC}") = "Sumof DigitswRecursion", "Sumof DigitswRecursion\Sumof DigitswRecursion.csproj", "{55C04DE3-4D28-4F68-B763-CB451A595E91}"
EndProject
Global
	GlobalSection(SolutionConfigurationPlatforms) = preSolution
		Debug|Any CPU = Debug|Any CPU
		Release|Any CPU = Release|Any CPU
	EndGlobalSection
	GlobalSection(ProjectConfigurationPlatforms) = postSolution
		{55C04DE3-4D28-4F68-B763-CB451A595E91}.Debug|Any CPU.ActiveCfg = Debug|Any CPU
		{55C04DE3-4D28-4F68-B763-CB451A595E91}.Debug|Any CPU.Build.0 = Debug|Any CPU
		{55C04DE3-4D28-4F68-B763-CB451A595E91}.Release|Any CPU.ActiveCfg = Release|Any CPU
		{55C04DE3-4D28-4F68-B763-CB451A595E91}.Release|Any CPU.Build.0 = Release|Any CPU
	EndGlobalSection
	GlobalSection(SolutionProperties) = preSolution
		HideSolutionNode = FALSE
	EndGlobalSection
	GlobalSection(ExtensibilityGlobals) = postSolution
		SolutionGuid = {B0D355E4-2254-472F-8485-AB15FD5F8FED}
	EndGlobalSection
EndGlobal
